<?xml version="1.0" encoding="utf-8"?>
<Project ToolsVersion="4.0" xmlns="http://schemas.microsoft.com/developer/msbuild/2003">
  <ItemGroup>
    <Filter Include="Source Files">
      <UniqueIdentifier>{4FC737F1-C7A5-4376-A066-2A32D752A2FF}</UniqueIdentifier>
      <Extensions>cpp;c;cc;cxx;def;odl;idl;hpj;bat;asm;asmx</Extensions>
    </Filter>
    <Filter Include="Header Files">
      <UniqueIdentifier>{93995380-89BD-4b04-88EB-625FBE52EBFB}</UniqueIdentifier>
      <Extensions>h;hh;hpp;hxx;hm;inl;inc;xsd</Extensions>
    </Filter>
    <Filter Include="Resource Files">
      <UniqueIdentifier>{67DA6AB6-F800-4c08-8B7A-83BB121AAD01}</UniqueIdentifier>
      <Extensions>rc;ico;cur;bmp;dlg;rc2;rct;bin;rgs;gif;jpg;jpeg;jpe;resx;tiff;tif;png;wav;mfcribbon-ms</Extensions>
    </Filter>
    <Filter Include="Source Files\DataManager">
      <UniqueIdentifier>{1eccb1f1-b755-4b0a-9642-9dd8bf14d8d4}</UniqueIdentifier>
    </Filter>
    <Filter Include="Source Files\Products">
      <UniqueIdentifier>{cb31ed55-fbd4-4c8b-a15c-85d37e4640d1}</UniqueIdentifier>
    </Filter>
    <Filter Include="Source Files\Products\Electronics">
      <UniqueIdentifier>{56d44907-b853-48a3-a048-cbaf69bb3078}</UniqueIdentifier>
    </Filter>
    <Filter Include="Source Files\Products\ChemicalProduct">
      <UniqueIdentifier>{8d44ff7a-20b1-486f-b112-e6a47b79e585}</UniqueIdentifier>
    </Filter>
    <Filter Include="Source Files\Products\Textile">
      <UniqueIdentifier>{d0af9f51-752b-463e-bf60-d4fb546ed94d}</UniqueIdentifier>
    </Filter>
    <Filter Include="Source Files\Products\Nutrition">
      <UniqueIdentifier>{e1693ecd-51ae-4a06-b234-a74ade0eb5f8}</UniqueIdentifier>
    </Filter>
    <Filter Include="Source Files\UI">
      <UniqueIdentifier>{31b400db-ab15-4fbf-8906-69ceeb3044f5}</UniqueIdentifier>
    </Filter>
    <Filter Include="Source Files\List">
      <UniqueIdentifier>{d26b9345-bf6d-42dc-bf76-73377e3f4f37}</UniqueIdentifier>
    </Filter>
    <Filter Include="Source Files\User">
      <UniqueIdentifier>{a7e4c82d-7114-48fe-aa17-2d33f898aece}</UniqueIdentifier>
    </Filter>
  </ItemGroup>
  <ItemGroup>
    <ClCompile Include="DataManager\DataManager.cpp">
      <Filter>Source Files\DataManager</Filter>
    </ClCompile>
    <ClCompile Include="DataManager\HTMLService.cpp">
      <Filter>Source Files\DataManager</Filter>
    </ClCompile>
    <ClCompile Include="DataManager\ProductService.cpp">
      <Filter>Source Files\DataManager</Filter>
    </ClCompile>
    <ClCompile Include="DataManager\UserService.cpp">
      <Filter>Source Files\DataManager</Filter>
    </ClCompile>
    <ClCompile Include="DataManager\XMLService.cpp">
      <Filter>Source Files\DataManager</Filter>
    </ClCompile>
    <ClCompile Include="Products\Product.cpp">
      <Filter>Source Files\Products</Filter>
    </ClCompile>
    <ClCompile Include="Products\Electronics\Appliance.cpp">
      <Filter>Source Files\Products\Electronics</Filter>
    </ClCompile>
    <ClCompile Include="Products\Electronics\AudioAndTv.cpp">
      <Filter>Source Files\Products\Electronics</Filter>
    </ClCompile>
    <ClCompile Include="Products\Electronics\Electronics.cpp">
      <Filter>Source Files\Products\Electronics</Filter>
    </ClCompile>
    <ClCompile Include="Products\Electronics\LaptopAndComputer.cpp">
      <Filter>Source Files\Products\Electronics</Filter>
    </ClCompile>
    <ClCompile Include="Products\Electronics\PhoneAndTablet.cpp">
      <Filter>Source Files\Products\Electronics</Filter>
    </ClCompile>
    <ClCompile Include="Products\Electronics\PhotoAndVideoCamera.cpp">
      <Filter>Source Files\Products\Electronics</Filter>
    </ClCompile>
    <ClCompile Include="Products\ChemicalProduct\ChemicalProduct.cpp">
      <Filter>Source Files\Products\ChemicalProduct</Filter>
    </ClCompile>
    <ClCompile Include="Products\ChemicalProduct\Cosmetics.cpp">
      <Filter>Source Files\Products\ChemicalProduct</Filter>
    </ClCompile>
    <ClCompile Include="Products\ChemicalProduct\Detergent.cpp">
      <Filter>Source Files\Products\ChemicalProduct</Filter>
    </ClCompile>
    <ClCompile Include="Products\ChemicalProduct\PersonalHygiene.cpp">
      <Filter>Source Files\Products\ChemicalProduct</Filter>
    </ClCompile>
    <ClCompile Include="Products\Textile\Accessory.cpp">
      <Filter>Source Files\Products\Textile</Filter>
    </ClCompile>
    <ClCompile Include="Products\Textile\Clothing.cpp">
      <Filter>Source Files\Products\Textile</Filter>
    </ClCompile>
    <ClCompile Include="Products\Textile\Footwear.cpp">
      <Filter>Source Files\Products\Textile</Filter>
    </ClCompile>
    <ClCompile Include="Products\Textile\Textile.cpp">
      <Filter>Source Files\Products\Textile</Filter>
    </ClCompile>
    <ClCompile Include="Products\Nutrition\Drink.cpp">
      <Filter>Source Files\Products\Nutrition</Filter>
    </ClCompile>
    <ClCompile Include="Products\Nutrition\Food.cpp">
      <Filter>Source Files\Products\Nutrition</Filter>
    </ClCompile>
    <ClCompile Include="Products\Nutrition\Nutrition.cpp">
      <Filter>Source Files\Products\Nutrition</Filter>
    </ClCompile>
    <ClCompile Include="UI\Command.cpp">
      <Filter>Source Files\UI</Filter>
    </ClCompile>
    <ClCompile Include="UI\CommandHandlers.cpp">
      <Filter>Source Files\UI</Filter>
    </ClCompile>
    <ClCompile Include="UI\Globals.cpp">
      <Filter>Source Files\UI</Filter>
    </ClCompile>
    <ClCompile Include="UI\Message.cpp">
      <Filter>Source Files\UI</Filter>
    </ClCompile>
    <ClCompile Include="User\Date.cpp">
      <Filter>Source Files\User</Filter>
    </ClCompile>
    <ClCompile Include="User\Person.cpp">
      <Filter>Source Files\User</Filter>
    </ClCompile>
    <ClCompile Include="User\Properties.cpp">
      <Filter>Source Files\User</Filter>
    </ClCompile>
    <ClCompile Include="User\User.cpp">
      <Filter>Source Files\User</Filter>
    </ClCompile>
    <ClCompile Include="main.cpp">
      <Filter>Source Files</Filter>
    </ClCompile>
  </ItemGroup>
  <ItemGroup>
    <ClInclude Include="DataManager\DataManager.h">
      <Filter>Source Files\DataManager</Filter>
    </ClInclude>
    <ClInclude Include="DataManager\HTMLService.h">
      <Filter>Source Files\DataManager</Filter>
    </ClInclude>
    <ClInclude Include="DataManager\ProductService.h">
      <Filter>Source Files\DataManager</Filter>
    </ClInclude>
    <ClInclude Include="DataManager\UserService.h">
      <Filter>Source Files\DataManager</Filter>
    </ClInclude>
    <ClInclude Include="DataManager\XMLService.h">
      <Filter>Source Files\DataManager</Filter>
    </ClInclude>
    <ClInclude Include="Products\Product.h">
      <Filter>Source Files\Products</Filter>
    </ClInclude>
    <ClInclude Include="Products\Products.h">
      <Filter>Source Files\Products</Filter>
    </ClInclude>
    <ClInclude Include="Products\Electronics\Appliance.h">
      <Filter>Source Files\Products\Electronics</Filter>
    </ClInclude>
    <ClInclude Include="Products\Electronics\AudioAndTv.h">
      <Filter>Source Files\Products\Electronics</Filter>
    </ClInclude>
    <ClInclude Include="Products\Electronics\Electronics.h">
      <Filter>Source Files\Products\Electronics</Filter>
    </ClInclude>
    <ClInclude Include="Products\Electronics\LaptopAndComputer.h">
      <Filter>Source Files\Products\Electronics</Filter>
    </ClInclude>
    <ClInclude Include="Products\Electronics\PhoneAndTablet.h">
      <Filter>Source Files\Products\Electronics</Filter>
    </ClInclude>
    <ClInclude Include="Products\Electronics\PhotoAndVideoCamera.h">
      <Filter>Source Files\Products\Electronics</Filter>
    </ClInclude>
    <ClInclude Include="Products\ChemicalProduct\ChemicalProduct.h">
      <Filter>Source Files\Products\ChemicalProduct</Filter>
    </ClInclude>
    <ClInclude Include="Products\ChemicalProduct\Cosmetics.h">
      <Filter>Source Files\Products\ChemicalProduct</Filter>
    </ClInclude>
    <ClInclude Include="Products\ChemicalProduct\Detergent.h">
      <Filter>Source Files\Products\ChemicalProduct</Filter>
    </ClInclude>
    <ClInclude Include="Products\ChemicalProduct\PersonalHygiene.h">
      <Filter>Source Files\Products\ChemicalProduct</Filter>
    </ClInclude>
    <ClInclude Include="Products\Textile\Accessory.h">
      <Filter>Source Files\Products\Textile</Filter>
    </ClInclude>
    <ClInclude Include="Products\Textile\Clothing.h">
      <Filter>Source Files\Products\Textile</Filter>
    </ClInclude>
    <ClInclude Include="Products\Textile\Footwear.h">
      <Filter>Source Files\Products\Textile</Filter>
    </ClInclude>
    <ClInclude Include="Products\Textile\Textile.h">
      <Filter>Source Files\Products\Textile</Filter>
    </ClInclude>
    <ClInclude Include="Products\Nutrition\Drink.h">
      <Filter>Source Files\Products\Nutrition</Filter>
    </ClInclude>
    <ClInclude Include="Products\Nutrition\Food.h">
      <Filter>Source Files\Products\Nutrition</Filter>
    </ClInclude>
    <ClInclude Include="Products\Nutrition\Nutrition.h">
      <Filter>Source Files\Products\Nutrition</Filter>
    </ClInclude>
    <ClInclude Include="UI\Command.h">
      <Filter>Source Files\UI</Filter>
    </ClInclude>
    <ClInclude Include="UI\CommandHandlers.h">
      <Filter>Source Files\UI</Filter>
    </ClInclude>
    <ClInclude Include="UI\Globals.h">
      <Filter>Source Files\UI</Filter>
    </ClInclude>
    <ClInclude Include="UI\Message.h">
      <Filter>Source Files\UI</Filter>
    </ClInclude>
    <ClInclude Include="UI\System.h">
      <Filter>Source Files\UI</Filter>
    </ClInclude>
    <ClInclude Include="UI\UI.h">
      <Filter>Source Files\UI</Filter>
    </ClInclude>
    <ClInclude Include="List\List.h">
      <Filter>Source Files\List</Filter>
    </ClInclude>
    <ClInclude Include="User\Date.h">
      <Filter>Source Files\User</Filter>
    </ClInclude>
    <ClInclude Include="User\Person.h">
      <Filter>Source Files\User</Filter>
    </ClInclude>
    <ClInclude Include="User\Properties.h">
      <Filter>Source Files\User</Filter>
    </ClInclude>
    <ClInclude Include="User\User.h">
      <Filter>Source Files\User</Filter>
    </ClInclude>
  </ItemGroup>
</Project>